
Microsoft Visual Studio Solution File, Format Version 12.00
# Visual Studio Version 17
VisualStudioVersion = 17.0.32126.317
MinimumVisualStudioVersion = 10.0.40219.1
Project("{9A19103F-16F7-4668-BE54-9A1E7A4F7556}") = "ToDoListWebApi", "ToDoListWebApi\ToDoListWebApi.csproj", "{F8B4738A-CAA9-4DA0-AFB6-90CE1AEBC997}"
EndProject
Project("{9A19103F-16F7-4668-BE54-9A1E7A4F7556}") = "ToDos.Core", "ToDo.Core\ToDos.Core.csproj", "{DCB9F36B-CDD1-478D-94D7-0252453F98F2}"
EndProject
Project("{9A19103F-16F7-4668-BE54-9A1E7A4F7556}") = "ToDos.DB", "ToDos.DB\ToDos.DB.csproj", "{3BE04DA7-7195-48E7-A3BB-4E970B194EEE}"
EndProject
Project("{FAE04EC0-301F-11D3-BF4B-00C04F79EFBC}") = "ToDoListWebApi.Tests", "ToDoListWebApi.Tests\ToDoListWebApi.Tests.csproj", "{9484FF96-62C2-4EED-98AC-E0AE51910C48}"
EndProject
Global
	GlobalSection(SolutionConfigurationPlatforms) = preSolution
		Debug|Any CPU = Debug|Any CPU
		Release|Any CPU = Release|Any CPU
	EndGlobalSection
	GlobalSection(ProjectConfigurationPlatforms) = postSolution
		{F8B4738A-CAA9-4DA0-AFB6-90CE1AEBC997}.Debug|Any CPU.ActiveCfg = Debug|Any CPU
		{F8B4738A-CAA9-4DA0-AFB6-90CE1AEBC997}.Debug|Any CPU.Build.0 = Debug|Any CPU
		{F8B4738A-CAA9-4DA0-AFB6-90CE1AEBC997}.Release|Any CPU.ActiveCfg = Release|Any CPU
		{F8B4738A-CAA9-4DA0-AFB6-90CE1AEBC997}.Release|Any CPU.Build.0 = Release|Any CPU
		{DCB9F36B-CDD1-478D-94D7-0252453F98F2}.Debug|Any CPU.ActiveCfg = Debug|Any CPU
		{DCB9F36B-CDD1-478D-94D7-0252453F98F2}.Debug|Any CPU.Build.0 = Debug|Any CPU
		{DCB9F36B-CDD1-478D-94D7-0252453F98F2}.Release|Any CPU.ActiveCfg = Release|Any CPU
		{DCB9F36B-CDD1-478D-94D7-0252453F98F2}.Release|Any CPU.Build.0 = Release|Any CPU
		{3BE04DA7-7195-48E7-A3BB-4E970B194EEE}.Debug|Any CPU.ActiveCfg = Debug|Any CPU
		{3BE04DA7-7195-48E7-A3BB-4E970B194EEE}.Debug|Any CPU.Build.0 = Debug|Any CPU
		{3BE04DA7-7195-48E7-A3BB-4E970B194EEE}.Release|Any CPU.ActiveCfg = Release|Any CPU
		{3BE04DA7-7195-48E7-A3BB-4E970B194EEE}.Release|Any CPU.Build.0 = Release|Any CPU
		{9484FF96-62C2-4EED-98AC-E0AE51910C48}.Debug|Any CPU.ActiveCfg = Debug|Any CPU
		{9484FF96-62C2-4EED-98AC-E0AE51910C48}.Debug|Any CPU.Build.0 = Debug|Any CPU
		{9484FF96-62C2-4EED-98AC-E0AE51910C48}.Release|Any CPU.ActiveCfg = Release|Any CPU
		{9484FF96-62C2-4EED-98AC-E0AE51910C48}.Release|Any CPU.Build.0 = Release|Any CPU
	EndGlobalSection
	GlobalSection(SolutionProperties) = preSolution
		HideSolutionNode = FALSE
	EndGlobalSection
	GlobalSection(ExtensibilityGlobals) = postSolution
		SolutionGuid = {A76DAE5D-3B11-4A1E-81FC-2A5D5DF23B65}
	EndGlobalSection
EndGlobal
